{
  "name": "experimentr",
  "version": "0.0.1",
  "lockfileVersion": 1,
  "requires": true,
  "dependencies": {
    "async": {
      "version": "0.2.10",
      "resolved": "http://registry.npmjs.org/async/-/async-0.2.10.tgz",
      "integrity": "sha1-trvgsGdLnXGXCMo43owjfLUmw9E="
    },
    "buffer-crc32": {
      "version": "0.2.13",
      "resolved": "https://registry.npmjs.org/buffer-crc32/-/buffer-crc32-0.2.13.tgz",
      "integrity": "sha1-DTM+PwDqxQqhRUq9MO+MKl2ackI="
    },
    "bytes": {
      "version": "0.2.0",
      "resolved": "https://registry.npmjs.org/bytes/-/bytes-0.2.0.tgz",
      "integrity": "sha1-qtM+wU49wsp06OfUUfm6BTrU96A="
    },
    "cli-table": {
      "version": "0.2.0",
      "resolved": "https://registry.npmjs.org/cli-table/-/cli-table-0.2.0.tgz",
      "integrity": "sha1-NMY+tTLCBunl5K4MsBBL0f0nMXw=",
      "requires": {
        "colors": "0.3.0"
      }
    },
    "colors": {
      "version": "0.3.0",
      "resolved": "https://registry.npmjs.org/colors/-/colors-0.3.0.tgz",
      "integrity": "sha1-wkfWTTTbDKTcjkPz7NbamNCvlOc="
    },
    "commander": {
      "version": "0.6.1",
      "resolved": "http://registry.npmjs.org/commander/-/commander-0.6.1.tgz",
      "integrity": "sha1-+mihT2qUXVTbvlDYzbMyDp47GgY="
    },
    "connect": {
      "version": "2.7.6",
      "resolved": "https://registry.npmjs.org/connect/-/connect-2.7.6.tgz",
      "integrity": "sha1-uDto+m8kXFAg4jlUcsyDIrAGBzg=",
      "requires": {
        "buffer-crc32": "0.1.1",
        "bytes": "0.2.0",
        "cookie": "0.0.5",
        "cookie-signature": "1.0.1",
        "debug": "*",
        "formidable": "1.0.11",
        "fresh": "0.1.0",
        "pause": "0.0.1",
        "qs": "0.5.1",
        "send": "0.1.0"
      },
      "dependencies": {
        "buffer-crc32": {
          "version": "0.1.1",
          "resolved": "https://registry.npmjs.org/buffer-crc32/-/buffer-crc32-0.1.1.tgz",
          "integrity": "sha1-fhENyZU5CKt8MqzccMn5RbHLxSY="
        }
      }
    },
    "cookie": {
      "version": "0.0.5",
      "resolved": "https://registry.npmjs.org/cookie/-/cookie-0.0.5.tgz",
      "integrity": "sha1-+az521frdWjJ/MWWJWt7si4wfIE="
    },
    "cookie-signature": {
      "version": "1.0.1",
      "resolved": "https://registry.npmjs.org/cookie-signature/-/cookie-signature-1.0.1.tgz",
      "integrity": "sha1-ROByFIrwHm6OJK+/EmkNaK5pjss="
    },
    "csv": {
      "version": "0.2.9",
      "resolved": "http://registry.npmjs.org/csv/-/csv-0.2.9.tgz",
      "integrity": "sha1-UtFufsLWGXEhG/Mm9JqClO+2XxY="
    },
    "d3": {
      "version": "3.5.17",
      "resolved": "https://registry.npmjs.org/d3/-/d3-3.5.17.tgz",
      "integrity": "sha1-vEZ0gAQ3iyGjYMn8fPUjF5B2L7g="
    },
    "debug": {
      "version": "4.0.1",
      "resolved": "https://registry.npmjs.org/debug/-/debug-4.0.1.tgz",
      "integrity": "sha512-K23FHJ/Mt404FSlp6gSZCevIbTMLX0j3fmHhUEhQ3Wq0FMODW3+cUSoLdy1Gx4polAf4t/lphhmHH35BB8cLYw==",
      "requires": {
        "ms": "^2.1.1"
      }
    },
    "express": {
      "version": "3.2.0",
      "resolved": "http://registry.npmjs.org/express/-/express-3.2.0.tgz",
      "integrity": "sha1-e2bWxmsDgDju30UoBCIrMHc3SuA=",
      "requires": {
        "buffer-crc32": "~0.2.1",
        "commander": "0.6.1",
        "connect": "2.7.6",
        "cookie": "0.0.5",
        "cookie-signature": "1.0.1",
        "debug": "*",
        "fresh": "0.1.0",
        "methods": "0.0.1",
        "mkdirp": "~0.3.4",
        "range-parser": "0.0.4",
        "send": "0.1.0"
      }
    },
    "formidable": {
      "version": "1.0.11",
      "resolved": "https://registry.npmjs.org/formidable/-/formidable-1.0.11.tgz",
      "integrity": "sha1-aPYzJaA15kS297s9ESQ7l2HeGzA="
    },
    "fresh": {
      "version": "0.1.0",
      "resolved": "https://registry.npmjs.org/fresh/-/fresh-0.1.0.tgz",
      "integrity": "sha1-A+SwF4Qk5MLV0ZpU2IFM3JeTSFA="
    },
    "json2csv": {
      "version": "2.1.0",
      "resolved": "https://registry.npmjs.org/json2csv/-/json2csv-2.1.0.tgz",
      "integrity": "sha1-Vg2EBqXaD0pwhGah5PXgbcBMaMk=",
      "requires": {
        "async": "~0.2.6",
        "cli-table": "~0.2.0",
        "commander": "~1.0.5"
      },
      "dependencies": {
        "commander": {
          "version": "1.0.5",
          "resolved": "http://registry.npmjs.org/commander/-/commander-1.0.5.tgz",
          "integrity": "sha1-RXKVu5duOI6d0NtS3kMz4knz2Iw=",
          "requires": {
            "keypress": "0.1.x"
          }
        }
      }
    },
    "keypress": {
      "version": "0.1.0",
      "resolved": "https://registry.npmjs.org/keypress/-/keypress-0.1.0.tgz",
      "integrity": "sha1-SjGI1CkbZrT2XtuZ+AaqmuKTWSo="
    },
    "methods": {
      "version": "0.0.1",
      "resolved": "https://registry.npmjs.org/methods/-/methods-0.0.1.tgz",
      "integrity": "sha1-J3yQ+L7zlwlkWoNxxRw7bGSOBow="
    },
    "mime": {
      "version": "1.2.6",
      "resolved": "https://registry.npmjs.org/mime/-/mime-1.2.6.tgz",
      "integrity": "sha1-sfhsdowCX6h7SAdfFwnyiuryA2U="
    },
    "mkdirp": {
      "version": "0.3.5",
      "resolved": "http://registry.npmjs.org/mkdirp/-/mkdirp-0.3.5.tgz",
      "integrity": "sha1-3j5fiWHIjHh+4TaN+EmsRBPsqNc="
    },
    "ms": {
      "version": "2.1.1",
      "resolved": "https://registry.npmjs.org/ms/-/ms-2.1.1.tgz",
      "integrity": "sha512-tgp+dl5cGk28utYktBsrFqA7HKgrhgPsg6Z/EfhWI4gl1Hwq8B/GmY/0oXZ6nF8hDVesS/FpnYaD/kOWhYQvyg=="
    },
    "pause": {
      "version": "0.0.1",
      "resolved": "https://registry.npmjs.org/pause/-/pause-0.0.1.tgz",
      "integrity": "sha1-HUCLP9t2kjuVQ9lvtMnf1TXZy10="
    },
    "qs": {
      "version": "0.5.1",
      "resolved": "https://registry.npmjs.org/qs/-/qs-0.5.1.tgz",
      "integrity": "sha1-n2v12axsdjhOldNtFbSJgOXkrdA="
    },
    "range-parser": {
      "version": "0.0.4",
      "resolved": "https://registry.npmjs.org/range-parser/-/range-parser-0.0.4.tgz",
      "integrity": "sha1-wEJ//vUcEKy6B4KkbJYC50T/Ygs="
    },
    "redis": {
      "version": "0.8.3",
      "resolved": "https://registry.npmjs.org/redis/-/redis-0.8.3.tgz",
      "integrity": "sha1-TQyLqClK+mrLxxxLb73no5gtT4s="
    },
    "send": {
      "version": "0.1.0",
      "resolved": "https://registry.npmjs.org/send/-/send-0.1.0.tgz",
      "integrity": "sha1-z7COvTzsm3/Bo32f+eh1qXHPRkA=",
      "requires": {
        "debug": "*",
        "fresh": "0.1.0",
        "mime": "1.2.6",
        "range-parser": "0.0.4"
      }
    },
    "underscore": {
      "version": "1.5.1",
      "resolved": "https://registry.npmjs.org/underscore/-/underscore-1.5.1.tgz",
      "integrity": "sha1-0r3oF9F2/63olKtxRY5oKhS4bck="
    }
  }
}
